// !$*UTF8*$!
{
	archiveVersion = 1;
	classes = {
	};
	objectVersion = 55;
	objects = {

/* Begin PBXBuildFile section */
		24AE41C02A83CA17674F2742 /* libPods-NeteaseCloudMusic.a in Frameworks */ = {isa = PBXBuildFile; fileRef = C1DC17F531280003F07A415A /* libPods-NeteaseCloudMusic.a */; };
		A801F4AA2A808C4B003D156A /* NCMusicDetailBackgroundImageView.m in Sources */ = {isa = PBXBuildFile; fileRef = A801F4A92A808C4B003D156A /* NCMusicDetailBackgroundImageView.m */; };
		A801F4AD2A809753003D156A /* NCMusicDetailTurntableView.m in Sources */ = {isa = PBXBuildFile; fileRef = A801F4AC2A809753003D156A /* NCMusicDetailTurntableView.m */; };
		A802586B2A7E75E600778EDC /* NCHttpManager.m in Sources */ = {isa = PBXBuildFile; fileRef = A802586A2A7E75E600778EDC /* NCHttpManager.m */; };
		A81075D92A74FF5C00A86A5F /* NCBaseViewController.m in Sources */ = {isa = PBXBuildFile; fileRef = A81075D82A74FF5C00A86A5F /* NCBaseViewController.m */; };
		A81075DD2A7500B900A86A5F /* NCMineViewController.m in Sources */ = {isa = PBXBuildFile; fileRef = A81075DC2A7500B900A86A5F /* NCMineViewController.m */; };
		A81075E12A760E4F00A86A5F /* NCNavigationControllerPushAnimatedTransitionBottomToTop.m in Sources */ = {isa = PBXBuildFile; fileRef = A81075E02A760E4F00A86A5F /* NCNavigationControllerPushAnimatedTransitionBottomToTop.m */; };
		A81075E72A760EBF00A86A5F /* NCNavigationControllerPopAnimatedTransitionTopToBottom.m in Sources */ = {isa = PBXBuildFile; fileRef = A81075E62A760EBF00A86A5F /* NCNavigationControllerPopAnimatedTransitionTopToBottom.m */; };
		A81075EB2A7658D000A86A5F /* NCTabBar.m in Sources */ = {isa = PBXBuildFile; fileRef = A81075EA2A7658D000A86A5F /* NCTabBar.m */; };
		A81075EE2A765A9C00A86A5F /* NCTabBarItem.m in Sources */ = {isa = PBXBuildFile; fileRef = A81075ED2A765A9C00A86A5F /* NCTabBarItem.m */; };
		A81075F12A76991700A86A5F /* NCBottomBarConfig.m in Sources */ = {isa = PBXBuildFile; fileRef = A81075F02A76991700A86A5F /* NCBottomBarConfig.m */; };
		A81075F42A769A5F00A86A5F /* NCMusicDetailViewController.m in Sources */ = {isa = PBXBuildFile; fileRef = A81075F32A769A5F00A86A5F /* NCMusicDetailViewController.m */; };
		A81075F72A76A01A00A86A5F /* NCMiniPlayerView.m in Sources */ = {isa = PBXBuildFile; fileRef = A81075F62A76A01A00A86A5F /* NCMiniPlayerView.m */; };
		A81076022A77A48200A86A5F /* NCColor.m in Sources */ = {isa = PBXBuildFile; fileRef = A81076012A77A48200A86A5F /* NCColor.m */; };
		A818926B2A8B6EF200933133 /* NCSongDetailInfo.m in Sources */ = {isa = PBXBuildFile; fileRef = A818926A2A8B6EF200933133 /* NCSongDetailInfo.m */; };
		A818926E2A8B87FF00933133 /* NCMusicPlayerManager.m in Sources */ = {isa = PBXBuildFile; fileRef = A818926D2A8B87FF00933133 /* NCMusicPlayerManager.m */; };
		A86D5C162A7A8CB700BCBE9B /* NCNotification.m in Sources */ = {isa = PBXBuildFile; fileRef = A86D5C152A7A8CB700BCBE9B /* NCNotification.m */; };
		A87674022A8F488600BC961C /* NCArtistInfo.m in Sources */ = {isa = PBXBuildFile; fileRef = A87674012A8F488600BC961C /* NCArtistInfo.m */; };
		A87674072A8F4A3500BC961C /* NCAlbumInfo.m in Sources */ = {isa = PBXBuildFile; fileRef = A87674062A8F4A3500BC961C /* NCAlbumInfo.m */; };
		A876740A2A8F4DF600BC961C /* NCSongInfo.m in Sources */ = {isa = PBXBuildFile; fileRef = A87674092A8F4DF600BC961C /* NCSongInfo.m */; };
		A876740E2A8F581500BC961C /* NCPlayListManager.m in Sources */ = {isa = PBXBuildFile; fileRef = A876740D2A8F581500BC961C /* NCPlayListManager.m */; };
		A87674112A8F69A700BC961C /* NCBlockMacros.m in Sources */ = {isa = PBXBuildFile; fileRef = A87674102A8F69A700BC961C /* NCBlockMacros.m */; };
		A8923B402A6E62EE0057FB41 /* NCTabBarController.m in Sources */ = {isa = PBXBuildFile; fileRef = A8923B3F2A6E62EE0057FB41 /* NCTabBarController.m */; };
		A8923B432A6E64F80057FB41 /* NCNavigationController.m in Sources */ = {isa = PBXBuildFile; fileRef = A8923B422A6E64F80057FB41 /* NCNavigationController.m */; };
		A8923B462A6E671D0057FB41 /* NCDiscoverViewController.m in Sources */ = {isa = PBXBuildFile; fileRef = A8923B452A6E671D0057FB41 /* NCDiscoverViewController.m */; };
		A8A91DD32A7283CA00C59970 /* NCScreen.m in Sources */ = {isa = PBXBuildFile; fileRef = A8A91DD22A7283CA00C59970 /* NCScreen.m */; };
		A8DE4B322A69252C00A92A93 /* AppDelegate.m in Sources */ = {isa = PBXBuildFile; fileRef = A8DE4B312A69252C00A92A93 /* AppDelegate.m */; };
		A8DE4B352A69252C00A92A93 /* SceneDelegate.m in Sources */ = {isa = PBXBuildFile; fileRef = A8DE4B342A69252C00A92A93 /* SceneDelegate.m */; };
		A8DE4B3D2A69252D00A92A93 /* Assets.xcassets in Resources */ = {isa = PBXBuildFile; fileRef = A8DE4B3C2A69252D00A92A93 /* Assets.xcassets */; };
		A8DE4B402A69252D00A92A93 /* LaunchScreen.storyboard in Resources */ = {isa = PBXBuildFile; fileRef = A8DE4B3E2A69252D00A92A93 /* LaunchScreen.storyboard */; };
		A8DE4B432A69252D00A92A93 /* main.m in Sources */ = {isa = PBXBuildFile; fileRef = A8DE4B422A69252D00A92A93 /* main.m */; };
		A8DE4B4D2A69252E00A92A93 /* NeteaseCloudMusicTests.m in Sources */ = {isa = PBXBuildFile; fileRef = A8DE4B4C2A69252E00A92A93 /* NeteaseCloudMusicTests.m */; };
		A8DE4B572A69252E00A92A93 /* NeteaseCloudMusicUITests.m in Sources */ = {isa = PBXBuildFile; fileRef = A8DE4B562A69252E00A92A93 /* NeteaseCloudMusicUITests.m */; };
		A8DE4B592A69252E00A92A93 /* NeteaseCloudMusicUITestsLaunchTests.m in Sources */ = {isa = PBXBuildFile; fileRef = A8DE4B582A69252E00A92A93 /* NeteaseCloudMusicUITestsLaunchTests.m */; };
		A8F160E52A82346F00308E4E /* NCMusicDetailControlView.m in Sources */ = {isa = PBXBuildFile; fileRef = A8F160E42A82346F00308E4E /* NCMusicDetailControlView.m */; };
		A8F160E82A83297200308E4E /* NCMusicDetailProgressView.m in Sources */ = {isa = PBXBuildFile; fileRef = A8F160E72A83297200308E4E /* NCMusicDetailProgressView.m */; };
/* End PBXBuildFile section */

/* Begin PBXContainerItemProxy section */
		A8DE4B492A69252E00A92A93 /* PBXContainerItemProxy */ = {
			isa = PBXContainerItemProxy;
			containerPortal = A8DE4B252A69252C00A92A93 /* Project object */;
			proxyType = 1;
			remoteGlobalIDString = A8DE4B2C2A69252C00A92A93;
			remoteInfo = NeteaseCloudMusic;
		};
		A8DE4B532A69252E00A92A93 /* PBXContainerItemProxy */ = {
			isa = PBXContainerItemProxy;
			containerPortal = A8DE4B252A69252C00A92A93 /* Project object */;
			proxyType = 1;
			remoteGlobalIDString = A8DE4B2C2A69252C00A92A93;
			remoteInfo = NeteaseCloudMusic;
		};
/* End PBXContainerItemProxy section */

/* Begin PBXFileReference section */
		8607B8D77FCEAEA730E1AFC0 /* Pods-NeteaseCloudMusic.debug.xcconfig */ = {isa = PBXFileReference; includeInIndex = 1; lastKnownFileType = text.xcconfig; name = "Pods-NeteaseCloudMusic.debug.xcconfig"; path = "Target Support Files/Pods-NeteaseCloudMusic/Pods-NeteaseCloudMusic.debug.xcconfig"; sourceTree = "<group>"; };
		A801F4A82A808C4B003D156A /* NCMusicDetailBackgroundImageView.h */ = {isa = PBXFileReference; lastKnownFileType = sourcecode.c.h; path = NCMusicDetailBackgroundImageView.h; sourceTree = "<group>"; };
		A801F4A92A808C4B003D156A /* NCMusicDetailBackgroundImageView.m */ = {isa = PBXFileReference; lastKnownFileType = sourcecode.c.objc; path = NCMusicDetailBackgroundImageView.m; sourceTree = "<group>"; };
		A801F4AB2A809753003D156A /* NCMusicDetailTurntableView.h */ = {isa = PBXFileReference; lastKnownFileType = sourcecode.c.h; path = NCMusicDetailTurntableView.h; sourceTree = "<group>"; };
		A801F4AC2A809753003D156A /* NCMusicDetailTurntableView.m */ = {isa = PBXFileReference; lastKnownFileType = sourcecode.c.objc; path = NCMusicDetailTurntableView.m; sourceTree = "<group>"; };
		A80258692A7E75E600778EDC /* NCHttpManager.h */ = {isa = PBXFileReference; lastKnownFileType = sourcecode.c.h; path = NCHttpManager.h; sourceTree = "<group>"; };
		A802586A2A7E75E600778EDC /* NCHttpManager.m */ = {isa = PBXFileReference; lastKnownFileType = sourcecode.c.objc; path = NCHttpManager.m; sourceTree = "<group>"; };
		A81075D72A74FF5C00A86A5F /* NCBaseViewController.h */ = {isa = PBXFileReference; lastKnownFileType = sourcecode.c.h; path = NCBaseViewController.h; sourceTree = "<group>"; };
		A81075D82A74FF5C00A86A5F /* NCBaseViewController.m */ = {isa = PBXFileReference; lastKnownFileType = sourcecode.c.objc; path = NCBaseViewController.m; sourceTree = "<group>"; };
		A81075DB2A7500B900A86A5F /* NCMineViewController.h */ = {isa = PBXFileReference; lastKnownFileType = sourcecode.c.h; path = NCMineViewController.h; sourceTree = "<group>"; };
		A81075DC2A7500B900A86A5F /* NCMineViewController.m */ = {isa = PBXFileReference; lastKnownFileType = sourcecode.c.objc; path = NCMineViewController.m; sourceTree = "<group>"; };
		A81075DF2A760E4F00A86A5F /* NCNavigationControllerPushAnimatedTransitionBottomToTop.h */ = {isa = PBXFileReference; lastKnownFileType = sourcecode.c.h; path = NCNavigationControllerPushAnimatedTransitionBottomToTop.h; sourceTree = "<group>"; };
		A81075E02A760E4F00A86A5F /* NCNavigationControllerPushAnimatedTransitionBottomToTop.m */ = {isa = PBXFileReference; lastKnownFileType = sourcecode.c.objc; path = NCNavigationControllerPushAnimatedTransitionBottomToTop.m; sourceTree = "<group>"; };
		A81075E52A760EBF00A86A5F /* NCNavigationControllerPopAnimatedTransitionTopToBottom.h */ = {isa = PBXFileReference; lastKnownFileType = sourcecode.c.h; path = NCNavigationControllerPopAnimatedTransitionTopToBottom.h; sourceTree = "<group>"; };
		A81075E62A760EBF00A86A5F /* NCNavigationControllerPopAnimatedTransitionTopToBottom.m */ = {isa = PBXFileReference; lastKnownFileType = sourcecode.c.objc; path = NCNavigationControllerPopAnimatedTransitionTopToBottom.m; sourceTree = "<group>"; };
		A81075E92A7658D000A86A5F /* NCTabBar.h */ = {isa = PBXFileReference; lastKnownFileType = sourcecode.c.h; path = NCTabBar.h; sourceTree = "<group>"; };
		A81075EA2A7658D000A86A5F /* NCTabBar.m */ = {isa = PBXFileReference; lastKnownFileType = sourcecode.c.objc; path = NCTabBar.m; sourceTree = "<group>"; };
		A81075EC2A765A9C00A86A5F /* NCTabBarItem.h */ = {isa = PBXFileReference; lastKnownFileType = sourcecode.c.h; path = NCTabBarItem.h; sourceTree = "<group>"; };
		A81075ED2A765A9C00A86A5F /* NCTabBarItem.m */ = {isa = PBXFileReference; lastKnownFileType = sourcecode.c.objc; path = NCTabBarItem.m; sourceTree = "<group>"; };
		A81075EF2A76991700A86A5F /* NCBottomBarConfig.h */ = {isa = PBXFileReference; lastKnownFileType = sourcecode.c.h; path = NCBottomBarConfig.h; sourceTree = "<group>"; };
		A81075F02A76991700A86A5F /* NCBottomBarConfig.m */ = {isa = PBXFileReference; lastKnownFileType = sourcecode.c.objc; path = NCBottomBarConfig.m; sourceTree = "<group>"; };
		A81075F22A769A5F00A86A5F /* NCMusicDetailViewController.h */ = {isa = PBXFileReference; lastKnownFileType = sourcecode.c.h; path = NCMusicDetailViewController.h; sourceTree = "<group>"; };
		A81075F32A769A5F00A86A5F /* NCMusicDetailViewController.m */ = {isa = PBXFileReference; lastKnownFileType = sourcecode.c.objc; path = NCMusicDetailViewController.m; sourceTree = "<group>"; };
		A81075F52A76A01A00A86A5F /* NCMiniPlayerView.h */ = {isa = PBXFileReference; lastKnownFileType = sourcecode.c.h; path = NCMiniPlayerView.h; sourceTree = "<group>"; };
		A81075F62A76A01A00A86A5F /* NCMiniPlayerView.m */ = {isa = PBXFileReference; lastKnownFileType = sourcecode.c.objc; path = NCMiniPlayerView.m; sourceTree = "<group>"; };
		A81076002A77A48100A86A5F /* NCColor.h */ = {isa = PBXFileReference; lastKnownFileType = sourcecode.c.h; path = NCColor.h; sourceTree = "<group>"; };
		A81076012A77A48200A86A5F /* NCColor.m */ = {isa = PBXFileReference; lastKnownFileType = sourcecode.c.objc; path = NCColor.m; sourceTree = "<group>"; };
		A81892692A8B6EF200933133 /* NCSongDetailInfo.h */ = {isa = PBXFileReference; lastKnownFileType = sourcecode.c.h; path = NCSongDetailInfo.h; sourceTree = "<group>"; };
		A818926A2A8B6EF200933133 /* NCSongDetailInfo.m */ = {isa = PBXFileReference; lastKnownFileType = sourcecode.c.objc; path = NCSongDetailInfo.m; sourceTree = "<group>"; };
		A818926C2A8B87FF00933133 /* NCMusicPlayerManager.h */ = {isa = PBXFileReference; lastKnownFileType = sourcecode.c.h; path = NCMusicPlayerManager.h; sourceTree = "<group>"; };
		A818926D2A8B87FF00933133 /* NCMusicPlayerManager.m */ = {isa = PBXFileReference; lastKnownFileType = sourcecode.c.objc; path = NCMusicPlayerManager.m; sourceTree = "<group>"; };
		A86D5C142A7A8CB700BCBE9B /* NCNotification.h */ = {isa = PBXFileReference; lastKnownFileType = sourcecode.c.h; path = NCNotification.h; sourceTree = "<group>"; };
		A86D5C152A7A8CB700BCBE9B /* NCNotification.m */ = {isa = PBXFileReference; lastKnownFileType = sourcecode.c.objc; path = NCNotification.m; sourceTree = "<group>"; };
		A87674002A8F488600BC961C /* NCArtistInfo.h */ = {isa = PBXFileReference; lastKnownFileType = sourcecode.c.h; path = NCArtistInfo.h; sourceTree = "<group>"; };
		A87674012A8F488600BC961C /* NCArtistInfo.m */ = {isa = PBXFileReference; lastKnownFileType = sourcecode.c.objc; path = NCArtistInfo.m; sourceTree = "<group>"; };
		A87674052A8F4A3500BC961C /* NCAlbumInfo.h */ = {isa = PBXFileReference; lastKnownFileType = sourcecode.c.h; path = NCAlbumInfo.h; sourceTree = "<group>"; };
		A87674062A8F4A3500BC961C /* NCAlbumInfo.m */ = {isa = PBXFileReference; lastKnownFileType = sourcecode.c.objc; path = NCAlbumInfo.m; sourceTree = "<group>"; };
		A87674082A8F4DF600BC961C /* NCSongInfo.h */ = {isa = PBXFileReference; lastKnownFileType = sourcecode.c.h; path = NCSongInfo.h; sourceTree = "<group>"; };
		A87674092A8F4DF600BC961C /* NCSongInfo.m */ = {isa = PBXFileReference; lastKnownFileType = sourcecode.c.objc; path = NCSongInfo.m; sourceTree = "<group>"; };
		A876740C2A8F581500BC961C /* NCPlayListManager.h */ = {isa = PBXFileReference; lastKnownFileType = sourcecode.c.h; path = NCPlayListManager.h; sourceTree = "<group>"; };
		A876740D2A8F581500BC961C /* NCPlayListManager.m */ = {isa = PBXFileReference; lastKnownFileType = sourcecode.c.objc; path = NCPlayListManager.m; sourceTree = "<group>"; };
		A876740F2A8F69A700BC961C /* NCBlockMacros.h */ = {isa = PBXFileReference; lastKnownFileType = sourcecode.c.h; path = NCBlockMacros.h; sourceTree = "<group>"; };
		A87674102A8F69A700BC961C /* NCBlockMacros.m */ = {isa = PBXFileReference; lastKnownFileType = sourcecode.c.objc; path = NCBlockMacros.m; sourceTree = "<group>"; };
		A8923B3E2A6E62EE0057FB41 /* NCTabBarController.h */ = {isa = PBXFileReference; lastKnownFileType = sourcecode.c.h; path = NCTabBarController.h; sourceTree = "<group>"; };
		A8923B3F2A6E62EE0057FB41 /* NCTabBarController.m */ = {isa = PBXFileReference; lastKnownFileType = sourcecode.c.objc; path = NCTabBarController.m; sourceTree = "<group>"; };
		A8923B412A6E64F80057FB41 /* NCNavigationController.h */ = {isa = PBXFileReference; lastKnownFileType = sourcecode.c.h; path = NCNavigationController.h; sourceTree = "<group>"; };
		A8923B422A6E64F80057FB41 /* NCNavigationController.m */ = {isa = PBXFileReference; lastKnownFileType = sourcecode.c.objc; path = NCNavigationController.m; sourceTree = "<group>"; };
		A8923B442A6E671D0057FB41 /* NCDiscoverViewController.h */ = {isa = PBXFileReference; lastKnownFileType = sourcecode.c.h; path = NCDiscoverViewController.h; sourceTree = "<group>"; };
		A8923B452A6E671D0057FB41 /* NCDiscoverViewController.m */ = {isa = PBXFileReference; lastKnownFileType = sourcecode.c.objc; path = NCDiscoverViewController.m; sourceTree = "<group>"; };
		A8A91DD12A7283CA00C59970 /* NCScreen.h */ = {isa = PBXFileReference; lastKnownFileType = sourcecode.c.h; path = NCScreen.h; sourceTree = "<group>"; };
		A8A91DD22A7283CA00C59970 /* NCScreen.m */ = {isa = PBXFileReference; lastKnownFileType = sourcecode.c.objc; path = NCScreen.m; sourceTree = "<group>"; };
		A8DE4B2D2A69252C00A92A93 /* NeteaseCloudMusic.app */ = {isa = PBXFileReference; explicitFileType = wrapper.application; includeInIndex = 0; path = NeteaseCloudMusic.app; sourceTree = BUILT_PRODUCTS_DIR; };
		A8DE4B302A69252C00A92A93 /* AppDelegate.h */ = {isa = PBXFileReference; lastKnownFileType = sourcecode.c.h; path = AppDelegate.h; sourceTree = "<group>"; };
		A8DE4B312A69252C00A92A93 /* AppDelegate.m */ = {isa = PBXFileReference; lastKnownFileType = sourcecode.c.objc; path = AppDelegate.m; sourceTree = "<group>"; };
		A8DE4B332A69252C00A92A93 /* SceneDelegate.h */ = {isa = PBXFileReference; lastKnownFileType = sourcecode.c.h; path = SceneDelegate.h; sourceTree = "<group>"; };
		A8DE4B342A69252C00A92A93 /* SceneDelegate.m */ = {isa = PBXFileReference; lastKnownFileType = sourcecode.c.objc; path = SceneDelegate.m; sourceTree = "<group>"; };
		A8DE4B3C2A69252D00A92A93 /* Assets.xcassets */ = {isa = PBXFileReference; lastKnownFileType = folder.assetcatalog; path = Assets.xcassets; sourceTree = "<group>"; };
		A8DE4B3F2A69252D00A92A93 /* Base */ = {isa = PBXFileReference; lastKnownFileType = file.storyboard; name = Base; path = Base.lproj/LaunchScreen.storyboard; sourceTree = "<group>"; };
		A8DE4B412A69252D00A92A93 /* Info.plist */ = {isa = PBXFileReference; lastKnownFileType = text.plist.xml; path = Info.plist; sourceTree = "<group>"; };
		A8DE4B422A69252D00A92A93 /* main.m */ = {isa = PBXFileReference; lastKnownFileType = sourcecode.c.objc; path = main.m; sourceTree = "<group>"; };
		A8DE4B482A69252E00A92A93 /* NeteaseCloudMusicTests.xctest */ = {isa = PBXFileReference; explicitFileType = wrapper.cfbundle; includeInIndex = 0; path = NeteaseCloudMusicTests.xctest; sourceTree = BUILT_PRODUCTS_DIR; };
		A8DE4B4C2A69252E00A92A93 /* NeteaseCloudMusicTests.m */ = {isa = PBXFileReference; lastKnownFileType = sourcecode.c.objc; path = NeteaseCloudMusicTests.m; sourceTree = "<group>"; };
		A8DE4B522A69252E00A92A93 /* NeteaseCloudMusicUITests.xctest */ = {isa = PBXFileReference; explicitFileType = wrapper.cfbundle; includeInIndex = 0; path = NeteaseCloudMusicUITests.xctest; sourceTree = BUILT_PRODUCTS_DIR; };
		A8DE4B562A69252E00A92A93 /* NeteaseCloudMusicUITests.m */ = {isa = PBXFileReference; lastKnownFileType = sourcecode.c.objc; path = NeteaseCloudMusicUITests.m; sourceTree = "<group>"; };
		A8DE4B582A69252E00A92A93 /* NeteaseCloudMusicUITestsLaunchTests.m */ = {isa = PBXFileReference; lastKnownFileType = sourcecode.c.objc; path = NeteaseCloudMusicUITestsLaunchTests.m; sourceTree = "<group>"; };
		A8F160E32A82346F00308E4E /* NCMusicDetailControlView.h */ = {isa = PBXFileReference; lastKnownFileType = sourcecode.c.h; path = NCMusicDetailControlView.h; sourceTree = "<group>"; };
		A8F160E42A82346F00308E4E /* NCMusicDetailControlView.m */ = {isa = PBXFileReference; lastKnownFileType = sourcecode.c.objc; path = NCMusicDetailControlView.m; sourceTree = "<group>"; };
		A8F160E62A83297200308E4E /* NCMusicDetailProgressView.h */ = {isa = PBXFileReference; lastKnownFileType = sourcecode.c.h; path = NCMusicDetailProgressView.h; sourceTree = "<group>"; };
		A8F160E72A83297200308E4E /* NCMusicDetailProgressView.m */ = {isa = PBXFileReference; lastKnownFileType = sourcecode.c.objc; path = NCMusicDetailProgressView.m; sourceTree = "<group>"; };
		C1DC17F531280003F07A415A /* libPods-NeteaseCloudMusic.a */ = {isa = PBXFileReference; explicitFileType = archive.ar; includeInIndex = 0; path = "libPods-NeteaseCloudMusic.a"; sourceTree = BUILT_PRODUCTS_DIR; };
		CCD6D31CB56A354FB4D87F3C /* Pods-NeteaseCloudMusic.release.xcconfig */ = {isa = PBXFileReference; includeInIndex = 1; lastKnownFileType = text.xcconfig; name = "Pods-NeteaseCloudMusic.release.xcconfig"; path = "Target Support Files/Pods-NeteaseCloudMusic/Pods-NeteaseCloudMusic.release.xcconfig"; sourceTree = "<group>"; };
/* End PBXFileReference section */

/* Begin PBXFrameworksBuildPhase section */
		A8DE4B2A2A69252C00A92A93 /* Frameworks */ = {
			isa = PBXFrameworksBuildPhase;
			buildActionMask = 2147483647;
			files = (
				24AE41C02A83CA17674F2742 /* libPods-NeteaseCloudMusic.a in Frameworks */,
			);
			runOnlyForDeploymentPostprocessing = 0;
		};
		A8DE4B452A69252E00A92A93 /* Frameworks */ = {
			isa = PBXFrameworksBuildPhase;
			buildActionMask = 2147483647;
			files = (
			);
			runOnlyForDeploymentPostprocessing = 0;
		};
		A8DE4B4F2A69252E00A92A93 /* Frameworks */ = {
			isa = PBXFrameworksBuildPhase;
			buildActionMask = 2147483647;
			files = (
			);
			runOnlyForDeploymentPostprocessing = 0;
		};
/* End PBXFrameworksBuildPhase section */

/* Begin PBXGroup section */
		A526DC5770F13C34BB5F6195 /* Pods */ = {
			isa = PBXGroup;
			children = (
				8607B8D77FCEAEA730E1AFC0 /* Pods-NeteaseCloudMusic.debug.xcconfig */,
				CCD6D31CB56A354FB4D87F3C /* Pods-NeteaseCloudMusic.release.xcconfig */,
			);
			path = Pods;
			sourceTree = "<group>";
		};
		A801F4A72A808BEF003D156A /* View */ = {
			isa = PBXGroup;
			children = (
				A801F4A82A808C4B003D156A /* NCMusicDetailBackgroundImageView.h */,
				A801F4A92A808C4B003D156A /* NCMusicDetailBackgroundImageView.m */,
				A801F4AB2A809753003D156A /* NCMusicDetailTurntableView.h */,
				A801F4AC2A809753003D156A /* NCMusicDetailTurntableView.m */,
				A8F160E32A82346F00308E4E /* NCMusicDetailControlView.h */,
				A8F160E42A82346F00308E4E /* NCMusicDetailControlView.m */,
				A8F160E62A83297200308E4E /* NCMusicDetailProgressView.h */,
				A8F160E72A83297200308E4E /* NCMusicDetailProgressView.m */,
			);
			path = View;
			sourceTree = "<group>";
		};
		A81075DA2A74FF9A00A86A5F /* Base */ = {
			isa = PBXGroup;
			children = (
				A81075E82A76589600A86A5F /* TabBarController */,
				A81075DE2A760DA100A86A5F /* NavigationController */,
				A81075D72A74FF5C00A86A5F /* NCBaseViewController.h */,
				A81075D82A74FF5C00A86A5F /* NCBaseViewController.m */,
			);
			path = Base;
			sourceTree = "<group>";
		};
		A81075DE2A760DA100A86A5F /* NavigationController */ = {
			isa = PBXGroup;
			children = (
				A81075DF2A760E4F00A86A5F /* NCNavigationControllerPushAnimatedTransitionBottomToTop.h */,
				A81075E02A760E4F00A86A5F /* NCNavigationControllerPushAnimatedTransitionBottomToTop.m */,
				A81075E52A760EBF00A86A5F /* NCNavigationControllerPopAnimatedTransitionTopToBottom.h */,
				A81075E62A760EBF00A86A5F /* NCNavigationControllerPopAnimatedTransitionTopToBottom.m */,
				A8923B412A6E64F80057FB41 /* NCNavigationController.h */,
				A8923B422A6E64F80057FB41 /* NCNavigationController.m */,
			);
			path = NavigationController;
			sourceTree = "<group>";
		};
		A81075E82A76589600A86A5F /* TabBarController */ = {
			isa = PBXGroup;
			children = (
				A8923B3E2A6E62EE0057FB41 /* NCTabBarController.h */,
				A8923B3F2A6E62EE0057FB41 /* NCTabBarController.m */,
				A81075E92A7658D000A86A5F /* NCTabBar.h */,
				A81075EA2A7658D000A86A5F /* NCTabBar.m */,
				A81075EC2A765A9C00A86A5F /* NCTabBarItem.h */,
				A81075ED2A765A9C00A86A5F /* NCTabBarItem.m */,
				A81075EF2A76991700A86A5F /* NCBottomBarConfig.h */,
				A81075F02A76991700A86A5F /* NCBottomBarConfig.m */,
			);
			path = TabBarController;
			sourceTree = "<group>";
		};
		A81075F82A774FAB00A86A5F /* Supporting Files */ = {
			isa = PBXGroup;
			children = (
				A8DE4B3C2A69252D00A92A93 /* Assets.xcassets */,
				A8DE4B3E2A69252D00A92A93 /* LaunchScreen.storyboard */,
				A8DE4B422A69252D00A92A93 /* main.m */,
			);
			path = "Supporting Files";
			sourceTree = "<group>";
		};
		A81075F92A774FE500A86A5F /* DiscoverController */ = {
			isa = PBXGroup;
			children = (
				A8923B442A6E671D0057FB41 /* NCDiscoverViewController.h */,
				A8923B452A6E671D0057FB41 /* NCDiscoverViewController.m */,
			);
			path = DiscoverController;
			sourceTree = "<group>";
		};
		A81076032A77B5E900A86A5F /* MusicDetailController */ = {
			isa = PBXGroup;
			children = (
				A801F4A72A808BEF003D156A /* View */,
				A81075F22A769A5F00A86A5F /* NCMusicDetailViewController.h */,
				A81075F32A769A5F00A86A5F /* NCMusicDetailViewController.m */,
			);
			path = MusicDetailController;
			sourceTree = "<group>";
		};
		A81076042A77B61200A86A5F /* MiniPlayerView */ = {
			isa = PBXGroup;
			children = (
				A81075F52A76A01A00A86A5F /* NCMiniPlayerView.h */,
				A81075F62A76A01A00A86A5F /* NCMiniPlayerView.m */,
			);
			path = MiniPlayerView;
			sourceTree = "<group>";
		};
		A81076052A77B62800A86A5F /* MineController */ = {
			isa = PBXGroup;
			children = (
				A81075DB2A7500B900A86A5F /* NCMineViewController.h */,
				A81075DC2A7500B900A86A5F /* NCMineViewController.m */,
			);
			path = MineController;
			sourceTree = "<group>";
		};
		A81892672A8A45C100933133 /* Manager */ = {
			isa = PBXGroup;
			children = (
				A80258692A7E75E600778EDC /* NCHttpManager.h */,
				A802586A2A7E75E600778EDC /* NCHttpManager.m */,
				A818926C2A8B87FF00933133 /* NCMusicPlayerManager.h */,
				A818926D2A8B87FF00933133 /* NCMusicPlayerManager.m */,
				A876740C2A8F581500BC961C /* NCPlayListManager.h */,
				A876740D2A8F581500BC961C /* NCPlayListManager.m */,
			);
			path = Manager;
			sourceTree = "<group>";
		};
		A81892682A8B6D9B00933133 /* Model */ = {
			isa = PBXGroup;
			children = (
				A87674042A8F4A2100BC961C /* AlbumInfo */,
				A87674032A8F4A1100BC961C /* ArtistInfo */,
				A87673FF2A8F483F00BC961C /* SongDetailInfo */,
				A876740B2A8F4E0100BC961C /* SongInfo */,
			);
			path = Model;
			sourceTree = "<group>";
		};
		A87673FF2A8F483F00BC961C /* SongDetailInfo */ = {
			isa = PBXGroup;
			children = (
				A81892692A8B6EF200933133 /* NCSongDetailInfo.h */,
				A818926A2A8B6EF200933133 /* NCSongDetailInfo.m */,
			);
			path = SongDetailInfo;
			sourceTree = "<group>";
		};
		A87674032A8F4A1100BC961C /* ArtistInfo */ = {
			isa = PBXGroup;
			children = (
				A87674002A8F488600BC961C /* NCArtistInfo.h */,
				A87674012A8F488600BC961C /* NCArtistInfo.m */,
			);
			path = ArtistInfo;
			sourceTree = "<group>";
		};
		A87674042A8F4A2100BC961C /* AlbumInfo */ = {
			isa = PBXGroup;
			children = (
				A87674052A8F4A3500BC961C /* NCAlbumInfo.h */,
				A87674062A8F4A3500BC961C /* NCAlbumInfo.m */,
			);
			path = AlbumInfo;
			sourceTree = "<group>";
		};
		A876740B2A8F4E0100BC961C /* SongInfo */ = {
			isa = PBXGroup;
			children = (
				A87674082A8F4DF600BC961C /* NCSongInfo.h */,
				A87674092A8F4DF600BC961C /* NCSongInfo.m */,
			);
			path = SongInfo;
			sourceTree = "<group>";
		};
		A8A91DDB2A729FCA00C59970 /* Utils */ = {
			isa = PBXGroup;
			children = (
				A8A91DD12A7283CA00C59970 /* NCScreen.h */,
				A8A91DD22A7283CA00C59970 /* NCScreen.m */,
				A81076002A77A48100A86A5F /* NCColor.h */,
				A81076012A77A48200A86A5F /* NCColor.m */,
				A86D5C142A7A8CB700BCBE9B /* NCNotification.h */,
				A86D5C152A7A8CB700BCBE9B /* NCNotification.m */,
				A876740F2A8F69A700BC961C /* NCBlockMacros.h */,
				A87674102A8F69A700BC961C /* NCBlockMacros.m */,
			);
			path = Utils;
			sourceTree = "<group>";
		};
		A8DE4B242A69252C00A92A93 = {
			isa = PBXGroup;
			children = (
				A8DE4B2F2A69252C00A92A93 /* NeteaseCloudMusic */,
				A8DE4B4B2A69252E00A92A93 /* NeteaseCloudMusicTests */,
				A8DE4B552A69252E00A92A93 /* NeteaseCloudMusicUITests */,
				A8DE4B2E2A69252C00A92A93 /* Products */,
				A526DC5770F13C34BB5F6195 /* Pods */,
				D29C4F71E73BE3C5FFB37CE6 /* Frameworks */,
			);
			sourceTree = "<group>";
		};
		A8DE4B2E2A69252C00A92A93 /* Products */ = {
			isa = PBXGroup;
			children = (
				A8DE4B2D2A69252C00A92A93 /* NeteaseCloudMusic.app */,
				A8DE4B482A69252E00A92A93 /* NeteaseCloudMusicTests.xctest */,
				A8DE4B522A69252E00A92A93 /* NeteaseCloudMusicUITests.xctest */,
			);
			name = Products;
			sourceTree = "<group>";
		};
		A8DE4B2F2A69252C00A92A93 /* NeteaseCloudMusic */ = {
			isa = PBXGroup;
			children = (
				A81892682A8B6D9B00933133 /* Model */,
				A81892672A8A45C100933133 /* Manager */,
				A81076052A77B62800A86A5F /* MineController */,
				A81076042A77B61200A86A5F /* MiniPlayerView */,
				A81076032A77B5E900A86A5F /* MusicDetailController */,
				A81075F92A774FE500A86A5F /* DiscoverController */,
				A81075F82A774FAB00A86A5F /* Supporting Files */,
				A81075DA2A74FF9A00A86A5F /* Base */,
				A8A91DDB2A729FCA00C59970 /* Utils */,
				A8DE4B302A69252C00A92A93 /* AppDelegate.h */,
				A8DE4B312A69252C00A92A93 /* AppDelegate.m */,
				A8DE4B332A69252C00A92A93 /* SceneDelegate.h */,
				A8DE4B342A69252C00A92A93 /* SceneDelegate.m */,
				A8DE4B412A69252D00A92A93 /* Info.plist */,
			);
			path = NeteaseCloudMusic;
			sourceTree = "<group>";
		};
		A8DE4B4B2A69252E00A92A93 /* NeteaseCloudMusicTests */ = {
			isa = PBXGroup;
			children = (
				A8DE4B4C2A69252E00A92A93 /* NeteaseCloudMusicTests.m */,
			);
			path = NeteaseCloudMusicTests;
			sourceTree = "<group>";
		};
		A8DE4B552A69252E00A92A93 /* NeteaseCloudMusicUITests */ = {
			isa = PBXGroup;
			children = (
				A8DE4B562A69252E00A92A93 /* NeteaseCloudMusicUITests.m */,
				A8DE4B582A69252E00A92A93 /* NeteaseCloudMusicUITestsLaunchTests.m */,
			);
			path = NeteaseCloudMusicUITests;
			sourceTree = "<group>";
		};
		D29C4F71E73BE3C5FFB37CE6 /* Frameworks */ = {
			isa = PBXGroup;
			children = (
				C1DC17F531280003F07A415A /* libPods-NeteaseCloudMusic.a */,
			);
			name = Frameworks;
			sourceTree = "<group>";
		};
/* End PBXGroup section */

/* Begin PBXNativeTarget section */
		A8DE4B2C2A69252C00A92A93 /* NeteaseCloudMusic */ = {
			isa = PBXNativeTarget;
			buildConfigurationList = A8DE4B5C2A69252E00A92A93 /* Build configuration list for PBXNativeTarget "NeteaseCloudMusic" */;
			buildPhases = (
				F8D1AF8518BC4BBAC4B754F8 /* [CP] Check Pods Manifest.lock */,
				A8DE4B292A69252C00A92A93 /* Sources */,
				A8DE4B2A2A69252C00A92A93 /* Frameworks */,
				A8DE4B2B2A69252C00A92A93 /* Resources */,
				9E64E88FBA8A23321B08449E /* [CP] Copy Pods Resources */,
			);
			buildRules = (
			);
			dependencies = (
			);
			name = NeteaseCloudMusic;
			productName = NeteaseCloudMusic;
			productReference = A8DE4B2D2A69252C00A92A93 /* NeteaseCloudMusic.app */;
			productType = "com.apple.product-type.application";
		};
		A8DE4B472A69252E00A92A93 /* NeteaseCloudMusicTests */ = {
			isa = PBXNativeTarget;
			buildConfigurationList = A8DE4B5F2A69252E00A92A93 /* Build configuration list for PBXNativeTarget "NeteaseCloudMusicTests" */;
			buildPhases = (
				A8DE4B442A69252E00A92A93 /* Sources */,
				A8DE4B452A69252E00A92A93 /* Frameworks */,
				A8DE4B462A69252E00A92A93 /* Resources */,
			);
			buildRules = (
			);
			dependencies = (
				A8DE4B4A2A69252E00A92A93 /* PBXTargetDependency */,
			);
			name = NeteaseCloudMusicTests;
			productName = NeteaseCloudMusicTests;
			productReference = A8DE4B482A69252E00A92A93 /* NeteaseCloudMusicTests.xctest */;
			productType = "com.apple.product-type.bundle.unit-test";
		};
		A8DE4B512A69252E00A92A93 /* NeteaseCloudMusicUITests */ = {
			isa = PBXNativeTarget;
			buildConfigurationList = A8DE4B622A69252E00A92A93 /* Build configuration list for PBXNativeTarget "NeteaseCloudMusicUITests" */;
			buildPhases = (
				A8DE4B4E2A69252E00A92A93 /* Sources */,
				A8DE4B4F2A69252E00A92A93 /* Frameworks */,
				A8DE4B502A69252E00A92A93 /* Resources */,
			);
			buildRules = (
			);
			dependencies = (
				A8DE4B542A69252E00A92A93 /* PBXTargetDependency */,
			);
			name = NeteaseCloudMusicUITests;
			productName = NeteaseCloudMusicUITests;
			productReference = A8DE4B522A69252E00A92A93 /* NeteaseCloudMusicUITests.xctest */;
			productType = "com.apple.product-type.bundle.ui-testing";
		};
/* End PBXNativeTarget section */

/* Begin PBXProject section */
		A8DE4B252A69252C00A92A93 /* Project object */ = {
			isa = PBXProject;
			attributes = {
				BuildIndependentTargetsInParallel = 1;
				LastUpgradeCheck = 1340;
				TargetAttributes = {
					A8DE4B2C2A69252C00A92A93 = {
						CreatedOnToolsVersion = 13.4;
					};
					A8DE4B472A69252E00A92A93 = {
						CreatedOnToolsVersion = 13.4;
						TestTargetID = A8DE4B2C2A69252C00A92A93;
					};
					A8DE4B512A69252E00A92A93 = {
						CreatedOnToolsVersion = 13.4;
						TestTargetID = A8DE4B2C2A69252C00A92A93;
					};
				};
			};
			buildConfigurationList = A8DE4B282A69252C00A92A93 /* Build configuration list for PBXProject "NeteaseCloudMusic" */;
			compatibilityVersion = "Xcode 13.0";
			developmentRegion = en;
			hasScannedForEncodings = 0;
			knownRegions = (
				en,
				Base,
			);
			mainGroup = A8DE4B242A69252C00A92A93;
			productRefGroup = A8DE4B2E2A69252C00A92A93 /* Products */;
			projectDirPath = "";
			projectRoot = "";
			targets = (
				A8DE4B2C2A69252C00A92A93 /* NeteaseCloudMusic */,
				A8DE4B472A69252E00A92A93 /* NeteaseCloudMusicTests */,
				A8DE4B512A69252E00A92A93 /* NeteaseCloudMusicUITests */,
			);
		};
/* End PBXProject section */

/* Begin PBXResourcesBuildPhase section */
		A8DE4B2B2A69252C00A92A93 /* Resources */ = {
			isa = PBXResourcesBuildPhase;
			buildActionMask = 2147483647;
			files = (
				A8DE4B402A69252D00A92A93 /* LaunchScreen.storyboard in Resources */,
				A8DE4B3D2A69252D00A92A93 /* Assets.xcassets in Resources */,
			);
			runOnlyForDeploymentPostprocessing = 0;
		};
		A8DE4B462A69252E00A92A93 /* Resources */ = {
			isa = PBXResourcesBuildPhase;
			buildActionMask = 2147483647;
			files = (
			);
			runOnlyForDeploymentPostprocessing = 0;
		};
		A8DE4B502A69252E00A92A93 /* Resources */ = {
			isa = PBXResourcesBuildPhase;
			buildActionMask = 2147483647;
			files = (
			);
			runOnlyForDeploymentPostprocessing = 0;
		};
/* End PBXResourcesBuildPhase section */

/* Begin PBXShellScriptBuildPhase section */
		9E64E88FBA8A23321B08449E /* [CP] Copy Pods Resources */ = {
			isa = PBXShellScriptBuildPhase;
			buildActionMask = 2147483647;
			files = (
			);
			inputFileListPaths = (
				"${PODS_ROOT}/Target Support Files/Pods-NeteaseCloudMusic/Pods-NeteaseCloudMusic-resources-${CONFIGURATION}-input-files.xcfilelist",
			);
			name = "[CP] Copy Pods Resources";
			outputFileListPaths = (
				"${PODS_ROOT}/Target Support Files/Pods-NeteaseCloudMusic/Pods-NeteaseCloudMusic-resources-${CONFIGURATION}-output-files.xcfilelist",
			);
			runOnlyForDeploymentPostprocessing = 0;
			shellPath = /bin/sh;
			shellScript = "\"${PODS_ROOT}/Target Support Files/Pods-NeteaseCloudMusic/Pods-NeteaseCloudMusic-resources.sh\"\n";
			showEnvVarsInLog = 0;
		};
		F8D1AF8518BC4BBAC4B754F8 /* [CP] Check Pods Manifest.lock */ = {
			isa = PBXShellScriptBuildPhase;
			buildActionMask = 2147483647;
			files = (
			);
			inputFileListPaths = (
			);
			inputPaths = (
				"${PODS_PODFILE_DIR_PATH}/Podfile.lock",
				"${PODS_ROOT}/Manifest.lock",
			);
			name = "[CP] Check Pods Manifest.lock";
			outputFileListPaths = (
			);
			outputPaths = (
				"$(DERIVED_FILE_DIR)/Pods-NeteaseCloudMusic-checkManifestLockResult.txt",
			);
			runOnlyForDeploymentPostprocessing = 0;
			shellPath = /bin/sh;
			shellScript = "diff \"${PODS_PODFILE_DIR_PATH}/Podfile.lock\" \"${PODS_ROOT}/Manifest.lock\" > /dev/null\nif [ $? != 0 ] ; then\n    # print error to STDERR\n    echo \"error: The sandbox is not in sync with the Podfile.lock. Run 'pod install' or update your CocoaPods installation.\" >&2\n    exit 1\nfi\n# This output is used by Xcode 'outputs' to avoid re-running this script phase.\necho \"SUCCESS\" > \"${SCRIPT_OUTPUT_FILE_0}\"\n";
			showEnvVarsInLog = 0;
		};
/* End PBXShellScriptBuildPhase section */

/* Begin PBXSourcesBuildPhase section */
		A8DE4B292A69252C00A92A93 /* Sources */ = {
			isa = PBXSourcesBuildPhase;
			buildActionMask = 2147483647;
			files = (
				A8DE4B322A69252C00A92A93 /* AppDelegate.m in Sources */,
				A86D5C162A7A8CB700BCBE9B /* NCNotification.m in Sources */,
				A8923B402A6E62EE0057FB41 /* NCTabBarController.m in Sources */,
				A81075EE2A765A9C00A86A5F /* NCTabBarItem.m in Sources */,
				A81075F72A76A01A00A86A5F /* NCMiniPlayerView.m in Sources */,
				A81075F42A769A5F00A86A5F /* NCMusicDetailViewController.m in Sources */,
				A8A91DD32A7283CA00C59970 /* NCScreen.m in Sources */,
				A81075DD2A7500B900A86A5F /* NCMineViewController.m in Sources */,
				A81075E12A760E4F00A86A5F /* NCNavigationControllerPushAnimatedTransitionBottomToTop.m in Sources */,
				A8F160E82A83297200308E4E /* NCMusicDetailProgressView.m in Sources */,
				A876740E2A8F581500BC961C /* NCPlayListManager.m in Sources */,
				A8DE4B432A69252D00A92A93 /* main.m in Sources */,
				A81075E72A760EBF00A86A5F /* NCNavigationControllerPopAnimatedTransitionTopToBottom.m in Sources */,
				A801F4AD2A809753003D156A /* NCMusicDetailTurntableView.m in Sources */,
				A8F160E52A82346F00308E4E /* NCMusicDetailControlView.m in Sources */,
				A87674112A8F69A700BC961C /* NCBlockMacros.m in Sources */,
				A81075D92A74FF5C00A86A5F /* NCBaseViewController.m in Sources */,
				A876740A2A8F4DF600BC961C /* NCSongInfo.m in Sources */,
				A802586B2A7E75E600778EDC /* NCHttpManager.m in Sources */,
				A818926E2A8B87FF00933133 /* NCMusicPlayerManager.m in Sources */,
				A81075F12A76991700A86A5F /* NCBottomBarConfig.m in Sources */,
				A8DE4B352A69252C00A92A93 /* SceneDelegate.m in Sources */,
				A87674022A8F488600BC961C /* NCArtistInfo.m in Sources */,
				A81076022A77A48200A86A5F /* NCColor.m in Sources */,
				A801F4AA2A808C4B003D156A /* NCMusicDetailBackgroundImageView.m in Sources */,
				A87674072A8F4A3500BC961C /* NCAlbumInfo.m in Sources */,
				A818926B2A8B6EF200933133 /* NCSongDetailInfo.m in Sources */,
				A8923B462A6E671D0057FB41 /* NCDiscoverViewController.m in Sources */,
				A81075EB2A7658D000A86A5F /* NCTabBar.m in Sources */,
				A8923B432A6E64F80057FB41 /* NCNavigationController.m in Sources */,
			);
			runOnlyForDeploymentPostprocessing = 0;
		};
		A8DE4B442A69252E00A92A93 /* Sources */ = {
			isa = PBXSourcesBuildPhase;
			buildActionMask = 2147483647;
			files = (
				A8DE4B4D2A69252E00A92A93 /* NeteaseCloudMusicTests.m in Sources */,
			);
			runOnlyForDeploymentPostprocessing = 0;
		};
		A8DE4B4E2A69252E00A92A93 /* Sources */ = {
			isa = PBXSourcesBuildPhase;
			buildActionMask = 2147483647;
			files = (
				A8DE4B592A69252E00A92A93 /* NeteaseCloudMusicUITestsLaunchTests.m in Sources */,
				A8DE4B572A69252E00A92A93 /* NeteaseCloudMusicUITests.m in Sources */,
			);
			runOnlyForDeploymentPostprocessing = 0;
		};
/* End PBXSourcesBuildPhase section */

/* Begin PBXTargetDependency section */
		A8DE4B4A2A69252E00A92A93 /* PBXTargetDependency */ = {
			isa = PBXTargetDependency;
			target = A8DE4B2C2A69252C00A92A93 /* NeteaseCloudMusic */;
			targetProxy = A8DE4B492A69252E00A92A93 /* PBXContainerItemProxy */;
		};
		A8DE4B542A69252E00A92A93 /* PBXTargetDependency */ = {
			isa = PBXTargetDependency;
			target = A8DE4B2C2A69252C00A92A93 /* NeteaseCloudMusic */;
			targetProxy = A8DE4B532A69252E00A92A93 /* PBXContainerItemProxy */;
		};
/* End PBXTargetDependency section */

/* Begin PBXVariantGroup section */
		A8DE4B3E2A69252D00A92A93 /* LaunchScreen.storyboard */ = {
			isa = PBXVariantGroup;
			children = (
				A8DE4B3F2A69252D00A92A93 /* Base */,
			);
			name = LaunchScreen.storyboard;
			sourceTree = "<group>";
		};
/* End PBXVariantGroup section */

/* Begin XCBuildConfiguration section */
		A8DE4B5A2A69252E00A92A93 /* Debug */ = {
			isa = XCBuildConfiguration;
			buildSettings = {
				ALWAYS_SEARCH_USER_PATHS = NO;
				CLANG_ANALYZER_NONNULL = YES;
				CLANG_ANALYZER_NUMBER_OBJECT_CONVERSION = YES_AGGRESSIVE;
				CLANG_CXX_LANGUAGE_STANDARD = "gnu++17";
				CLANG_ENABLE_MODULES = YES;
				CLANG_ENABLE_OBJC_ARC = YES;
				CLANG_ENABLE_OBJC_WEAK = YES;
				CLANG_WARN_BLOCK_CAPTURE_AUTORELEASING = YES;
				CLANG_WARN_BOOL_CONVERSION = YES;
				CLANG_WARN_COMMA = YES;
				CLANG_WARN_CONSTANT_CONVERSION = YES;
				CLANG_WARN_DEPRECATED_OBJC_IMPLEMENTATIONS = YES;
				CLANG_WARN_DIRECT_OBJC_ISA_USAGE = YES_ERROR;
				CLANG_WARN_DOCUMENTATION_COMMENTS = YES;
				CLANG_WARN_EMPTY_BODY = YES;
				CLANG_WARN_ENUM_CONVERSION = YES;
				CLANG_WARN_INFINITE_RECURSION = YES;
				CLANG_WARN_INT_CONVERSION = YES;
				CLANG_WARN_NON_LITERAL_NULL_CONVERSION = YES;
				CLANG_WARN_OBJC_IMPLICIT_RETAIN_SELF = YES;
				CLANG_WARN_OBJC_LITERAL_CONVERSION = YES;
				CLANG_WARN_OBJC_ROOT_CLASS = YES_ERROR;
				CLANG_WARN_QUOTED_INCLUDE_IN_FRAMEWORK_HEADER = YES;
				CLANG_WARN_RANGE_LOOP_ANALYSIS = YES;
				CLANG_WARN_STRICT_PROTOTYPES = YES;
				CLANG_WARN_SUSPICIOUS_MOVE = YES;
				CLANG_WARN_UNGUARDED_AVAILABILITY = YES_AGGRESSIVE;
				CLANG_WARN_UNREACHABLE_CODE = YES;
				CLANG_WARN__DUPLICATE_METHOD_MATCH = YES;
				COPY_PHASE_STRIP = NO;
				DEBUG_INFORMATION_FORMAT = dwarf;
				ENABLE_STRICT_OBJC_MSGSEND = YES;
				ENABLE_TESTABILITY = YES;
				GCC_C_LANGUAGE_STANDARD = gnu11;
				GCC_DYNAMIC_NO_PIC = NO;
				GCC_NO_COMMON_BLOCKS = YES;
				GCC_OPTIMIZATION_LEVEL = 0;
				GCC_PREPROCESSOR_DEFINITIONS = (
					"DEBUG=1",
					"$(inherited)",
				);
				GCC_WARN_64_TO_32_BIT_CONVERSION = YES;
				GCC_WARN_ABOUT_RETURN_TYPE = YES_ERROR;
				GCC_WARN_UNDECLARED_SELECTOR = YES;
				GCC_WARN_UNINITIALIZED_AUTOS = YES_AGGRESSIVE;
				GCC_WARN_UNUSED_FUNCTION = YES;
				GCC_WARN_UNUSED_VARIABLE = YES;
				IPHONEOS_DEPLOYMENT_TARGET = 15.5;
				MTL_ENABLE_DEBUG_INFO = INCLUDE_SOURCE;
				MTL_FAST_MATH = YES;
				ONLY_ACTIVE_ARCH = YES;
				SDKROOT = iphoneos;
			};
			name = Debug;
		};
		A8DE4B5B2A69252E00A92A93 /* Release */ = {
			isa = XCBuildConfiguration;
			buildSettings = {
				ALWAYS_SEARCH_USER_PATHS = NO;
				CLANG_ANALYZER_NONNULL = YES;
				CLANG_ANALYZER_NUMBER_OBJECT_CONVERSION = YES_AGGRESSIVE;
				CLANG_CXX_LANGUAGE_STANDARD = "gnu++17";
				CLANG_ENABLE_MODULES = YES;
				CLANG_ENABLE_OBJC_ARC = YES;
				CLANG_ENABLE_OBJC_WEAK = YES;
				CLANG_WARN_BLOCK_CAPTURE_AUTORELEASING = YES;
				CLANG_WARN_BOOL_CONVERSION = YES;
				CLANG_WARN_COMMA = YES;
				CLANG_WARN_CONSTANT_CONVERSION = YES;
				CLANG_WARN_DEPRECATED_OBJC_IMPLEMENTATIONS = YES;
				CLANG_WARN_DIRECT_OBJC_ISA_USAGE = YES_ERROR;
				CLANG_WARN_DOCUMENTATION_COMMENTS = YES;
				CLANG_WARN_EMPTY_BODY = YES;
				CLANG_WARN_ENUM_CONVERSION = YES;
				CLANG_WARN_INFINITE_RECURSION = YES;
				CLANG_WARN_INT_CONVERSION = YES;
				CLANG_WARN_NON_LITERAL_NULL_CONVERSION = YES;
				CLANG_WARN_OBJC_IMPLICIT_RETAIN_SELF = YES;
				CLANG_WARN_OBJC_LITERAL_CONVERSION = YES;
				CLANG_WARN_OBJC_ROOT_CLASS = YES_ERROR;
				CLANG_WARN_QUOTED_INCLUDE_IN_FRAMEWORK_HEADER = YES;
				CLANG_WARN_RANGE_LOOP_ANALYSIS = YES;
				CLANG_WARN_STRICT_PROTOTYPES = YES;
				CLANG_WARN_SUSPICIOUS_MOVE = YES;
				CLANG_WARN_UNGUARDED_AVAILABILITY = YES_AGGRESSIVE;
				CLANG_WARN_UNREACHABLE_CODE = YES;
				CLANG_WARN__DUPLICATE_METHOD_MATCH = YES;
				COPY_PHASE_STRIP = NO;
				DEBUG_INFORMATION_FORMAT = "dwarf-with-dsym";
				ENABLE_NS_ASSERTIONS = NO;
				ENABLE_STRICT_OBJC_MSGSEND = YES;
				GCC_C_LANGUAGE_STANDARD = gnu11;
				GCC_NO_COMMON_BLOCKS = YES;
				GCC_WARN_64_TO_32_BIT_CONVERSION = YES;
				GCC_WARN_ABOUT_RETURN_TYPE = YES_ERROR;
				GCC_WARN_UNDECLARED_SELECTOR = YES;
				GCC_WARN_UNINITIALIZED_AUTOS = YES_AGGRESSIVE;
				GCC_WARN_UNUSED_FUNCTION = YES;
				GCC_WARN_UNUSED_VARIABLE = YES;
				IPHONEOS_DEPLOYMENT_TARGET = 15.5;
				MTL_ENABLE_DEBUG_INFO = NO;
				MTL_FAST_MATH = YES;
				SDKROOT = iphoneos;
				VALIDATE_PRODUCT = YES;
			};
			name = Release;
		};
		A8DE4B5D2A69252E00A92A93 /* Debug */ = {
			isa = XCBuildConfiguration;
			baseConfigurationReference = 8607B8D77FCEAEA730E1AFC0 /* Pods-NeteaseCloudMusic.debug.xcconfig */;
			buildSettings = {
				ASSETCATALOG_COMPILER_APPICON_NAME = AppIcon;
				ASSETCATALOG_COMPILER_GLOBAL_ACCENT_COLOR_NAME = AccentColor;
				CODE_SIGN_IDENTITY = "Apple Development";
				CODE_SIGN_STYLE = Automatic;
				CURRENT_PROJECT_VERSION = 1;
				DEVELOPMENT_TEAM = K85A9R99M3;
				GENERATE_INFOPLIST_FILE = YES;
				INFOPLIST_FILE = NeteaseCloudMusic/Info.plist;
				INFOPLIST_KEY_UIApplicationSupportsIndirectInputEvents = YES;
				INFOPLIST_KEY_UILaunchStoryboardName = LaunchScreen;
				INFOPLIST_KEY_UIMainStoryboardFile = "";
				INFOPLIST_KEY_UISupportedInterfaceOrientations_iPad = "UIInterfaceOrientationPortrait UIInterfaceOrientationPortraitUpsideDown UIInterfaceOrientationLandscapeLeft UIInterfaceOrientationLandscapeRight";
				INFOPLIST_KEY_UISupportedInterfaceOrientations_iPhone = "UIInterfaceOrientationPortrait UIInterfaceOrientationLandscapeLeft UIInterfaceOrientationLandscapeRight";
				LD_RUNPATH_SEARCH_PATHS = (
					"$(inherited)",
					"@executable_path/Frameworks",
				);
				MARKETING_VERSION = 1.0;
				PRODUCT_BUNDLE_IDENTIFIER = top.ibiza19.NeteaseCloudMusic1;
				PRODUCT_NAME = "$(TARGET_NAME)";
				PROVISIONING_PROFILE_SPECIFIER = "";
				SWIFT_EMIT_LOC_STRINGS = YES;
				TARGETED_DEVICE_FAMILY = 1;
			};
			name = Debug;
		};
		A8DE4B5E2A69252E00A92A93 /* Release */ = {
			isa = XCBuildConfiguration;
			baseConfigurationReference = CCD6D31CB56A354FB4D87F3C /* Pods-NeteaseCloudMusic.release.xcconfig */;
			buildSettings = {
				ASSETCATALOG_COMPILER_APPICON_NAME = AppIcon;
				ASSETCATALOG_COMPILER_GLOBAL_ACCENT_COLOR_NAME = AccentColor;
				CODE_SIGN_IDENTITY = "Apple Development";
				CODE_SIGN_STYLE = Automatic;
				CURRENT_PROJECT_VERSION = 1;
				DEVELOPMENT_TEAM = K85A9R99M3;
				GENERATE_INFOPLIST_FILE = YES;
				INFOPLIST_FILE = NeteaseCloudMusic/Info.plist;
				INFOPLIST_KEY_UIApplicationSupportsIndirectInputEvents = YES;
				INFOPLIST_KEY_UILaunchStoryboardName = LaunchScreen;
				INFOPLIST_KEY_UIMainStoryboardFile = "";
				INFOPLIST_KEY_UISupportedInterfaceOrientations_iPad = "UIInterfaceOrientationPortrait UIInterfaceOrientationPortraitUpsideDown UIInterfaceOrientationLandscapeLeft UIInterfaceOrientationLandscapeRight";
				INFOPLIST_KEY_UISupportedInterfaceOrientations_iPhone = "UIInterfaceOrientationPortrait UIInterfaceOrientationLandscapeLeft UIInterfaceOrientationLandscapeRight";
				LD_RUNPATH_SEARCH_PATHS = (
					"$(inherited)",
					"@executable_path/Frameworks",
				);
				MARKETING_VERSION = 1.0;
				PRODUCT_BUNDLE_IDENTIFIER = top.ibiza19.NeteaseCloudMusic1;
				PRODUCT_NAME = "$(TARGET_NAME)";
				PROVISIONING_PROFILE_SPECIFIER = "";
				SWIFT_EMIT_LOC_STRINGS = YES;
				TARGETED_DEVICE_FAMILY = 1;
			};
			name = Release;
		};
		A8DE4B602A69252E00A92A93 /* Debug */ = {
			isa = XCBuildConfiguration;
			buildSettings = {
				BUNDLE_LOADER = "$(TEST_HOST)";
				CODE_SIGN_STYLE = Automatic;
				CURRENT_PROJECT_VERSION = 1;
				GENERATE_INFOPLIST_FILE = YES;
				IPHONEOS_DEPLOYMENT_TARGET = 15.5;
				MARKETING_VERSION = 1.0;
				PRODUCT_BUNDLE_IDENTIFIER = top.ibiza19.NeteaseCloudMusicTests;
				PRODUCT_NAME = "$(TARGET_NAME)";
				SWIFT_EMIT_LOC_STRINGS = NO;
				TARGETED_DEVICE_FAMILY = "1,2";
				TEST_HOST = "$(BUILT_PRODUCTS_DIR)/NeteaseCloudMusic.app/NeteaseCloudMusic";
			};
			name = Debug;
		};
		A8DE4B612A69252E00A92A93 /* Release */ = {
			isa = XCBuildConfiguration;
			buildSettings = {
				BUNDLE_LOADER = "$(TEST_HOST)";
				CODE_SIGN_STYLE = Automatic;
				CURRENT_PROJECT_VERSION = 1;
				GENERATE_INFOPLIST_FILE = YES;
				IPHONEOS_DEPLOYMENT_TARGET = 15.5;
				MARKETING_VERSION = 1.0;
				PRODUCT_BUNDLE_IDENTIFIER = top.ibiza19.NeteaseCloudMusicTests;
				PRODUCT_NAME = "$(TARGET_NAME)";
				SWIFT_EMIT_LOC_STRINGS = NO;
				TARGETED_DEVICE_FAMILY = "1,2";
				TEST_HOST = "$(BUILT_PRODUCTS_DIR)/NeteaseCloudMusic.app/NeteaseCloudMusic";
			};
			name = Release;
		};
		A8DE4B632A69252E00A92A93 /* Debug */ = {
			isa = XCBuildConfiguration;
			buildSettings = {
				CODE_SIGN_STYLE = Automatic;
				CURRENT_PROJECT_VERSION = 1;
				GENERATE_INFOPLIST_FILE = YES;
				MARKETING_VERSION = 1.0;
				PRODUCT_BUNDLE_IDENTIFIER = top.ibiza19.NeteaseCloudMusicUITests;
				PRODUCT_NAME = "$(TARGET_NAME)";
				SWIFT_EMIT_LOC_STRINGS = NO;
				TARGETED_DEVICE_FAMILY = "1,2";
				TEST_TARGET_NAME = NeteaseCloudMusic;
			};
			name = Debug;
		};
		A8DE4B642A69252E00A92A93 /* Release */ = {
			isa = XCBuildConfiguration;
			buildSettings = {
				CODE_SIGN_STYLE = Automatic;
				CURRENT_PROJECT_VERSION = 1;
				GENERATE_INFOPLIST_FILE = YES;
				MARKETING_VERSION = 1.0;
				PRODUCT_BUNDLE_IDENTIFIER = top.ibiza19.NeteaseCloudMusicUITests;
				PRODUCT_NAME = "$(TARGET_NAME)";
				SWIFT_EMIT_LOC_STRINGS = NO;
				TARGETED_DEVICE_FAMILY = "1,2";
				TEST_TARGET_NAME = NeteaseCloudMusic;
			};
			name = Release;
		};
/* End XCBuildConfiguration section */

/* Begin XCConfigurationList section */
		A8DE4B282A69252C00A92A93 /* Build configuration list for PBXProject "NeteaseCloudMusic" */ = {
			isa = XCConfigurationList;
			buildConfigurations = (
				A8DE4B5A2A69252E00A92A93 /* Debug */,
				A8DE4B5B2A69252E00A92A93 /* Release */,
			);
			defaultConfigurationIsVisible = 0;
			defaultConfigurationName = Release;
		};
		A8DE4B5C2A69252E00A92A93 /* Build configuration list for PBXNativeTarget "NeteaseCloudMusic" */ = {
			isa = XCConfigurationList;
			buildConfigurations = (
				A8DE4B5D2A69252E00A92A93 /* Debug */,
				A8DE4B5E2A69252E00A92A93 /* Release */,
			);
			defaultConfigurationIsVisible = 0;
			defaultConfigurationName = Release;
		};
		A8DE4B5F2A69252E00A92A93 /* Build configuration list for PBXNativeTarget "NeteaseCloudMusicTests" */ = {
			isa = XCConfigurationList;
			buildConfigurations = (
				A8DE4B602A69252E00A92A93 /* Debug */,
				A8DE4B612A69252E00A92A93 /* Release */,
			);
			defaultConfigurationIsVisible = 0;
			defaultConfigurationName = Release;
		};
		A8DE4B622A69252E00A92A93 /* Build configuration list for PBXNativeTarget "NeteaseCloudMusicUITests" */ = {
			isa = XCConfigurationList;
			buildConfigurations = (
				A8DE4B632A69252E00A92A93 /* Debug */,
				A8DE4B642A69252E00A92A93 /* Release */,
			);
			defaultConfigurationIsVisible = 0;
			defaultConfigurationName = Release;
		};
/* End XCConfigurationList section */
	};
	rootObject = A8DE4B252A69252C00A92A93 /* Project object */;
}
